
Microsoft Visual Studio Solution File, Format Version 12.00
# Visual Studio Version 16
VisualStudioVersion = 16.0.28803.202
MinimumVisualStudioVersion = 10.0.40219.1
Project("{9A19103F-16F7-4668-BE54-9A1E7A4F7556}") = "SeleniumPerfXML", "SeleniumPerfXML\SeleniumPerfXML.csproj", "{A492DA8B-D8C0-42F7-A00F-4E4D8940D95A}"
EndProject
Project("{9A19103F-16F7-4668-BE54-9A1E7A4F7556}") = "SeleniumPerfXMLNUnitTest", "SeleniumPerfXMLNUnitTest\SeleniumPerfXMLNUnitTest.csproj", "{01DABD79-F79F-43A2-83D8-3366E6A985DF}"
EndProject
Global
	GlobalSection(SolutionConfigurationPlatforms) = preSolution
		Debug|Any CPU = Debug|Any CPU
		Release|Any CPU = Release|Any CPU
	EndGlobalSection
	GlobalSection(ProjectConfigurationPlatforms) = postSolution
		{A492DA8B-D8C0-42F7-A00F-4E4D8940D95A}.Debug|Any CPU.ActiveCfg = Debug|Any CPU
		{A492DA8B-D8C0-42F7-A00F-4E4D8940D95A}.Debug|Any CPU.Build.0 = Debug|Any CPU
		{A492DA8B-D8C0-42F7-A00F-4E4D8940D95A}.Release|Any CPU.ActiveCfg = Release|Any CPU
		{A492DA8B-D8C0-42F7-A00F-4E4D8940D95A}.Release|Any CPU.Build.0 = Release|Any CPU
		{01DABD79-F79F-43A2-83D8-3366E6A985DF}.Debug|Any CPU.ActiveCfg = Debug|Any CPU
		{01DABD79-F79F-43A2-83D8-3366E6A985DF}.Debug|Any CPU.Build.0 = Debug|Any CPU
		{01DABD79-F79F-43A2-83D8-3366E6A985DF}.Release|Any CPU.ActiveCfg = Release|Any CPU
		{01DABD79-F79F-43A2-83D8-3366E6A985DF}.Release|Any CPU.Build.0 = Release|Any CPU
	EndGlobalSection
	GlobalSection(SolutionProperties) = preSolution
		HideSolutionNode = FALSE
	EndGlobalSection
	GlobalSection(ExtensibilityGlobals) = postSolution
		SolutionGuid = {79595D84-FA13-4488-ABE9-E333DF44F4C3}
	EndGlobalSection
EndGlobal
